
Microsoft Visual Studio Solution File, Format Version 12.00
# Visual Studio Version 17
VisualStudioVersion = 17.7.34031.279
MinimumVisualStudioVersion = 10.0.40219.1
Project("{FAE04EC0-301F-11D3-BF4B-00C04F79EFBC}") = "DummyPrintingWebApp", "DummyPrintingWebApp.csproj", "{972C54EA-23B6-49EF-BAE6-8BF5EAAB24D7}"
EndProject
Global
	GlobalSection(SolutionConfigurationPlatforms) = preSolution
		Debug|Any CPU = Debug|Any CPU
		Release|Any CPU = Release|Any CPU
	EndGlobalSection
	GlobalSection(ProjectConfigurationPlatforms) = postSolution
		{972C54EA-23B6-49EF-BAE6-8BF5EAAB24D7}.Debug|Any CPU.ActiveCfg = Debug|Any CPU
		{972C54EA-23B6-49EF-BAE6-8BF5EAAB24D7}.Debug|Any CPU.Build.0 = Debug|Any CPU
		{972C54EA-23B6-49EF-BAE6-8BF5EAAB24D7}.Release|Any CPU.ActiveCfg = Release|Any CPU
		{972C54EA-23B6-49EF-BAE6-8BF5EAAB24D7}.Release|Any CPU.Build.0 = Release|Any CPU
	EndGlobalSection
	GlobalSection(SolutionProperties) = preSolution
		HideSolutionNode = FALSE
	EndGlobalSection
	GlobalSection(ExtensibilityGlobals) = postSolution
		SolutionGuid = {731F185C-AE61-4A7D-826C-B55FFE44C9CB}
	EndGlobalSection
EndGlobal
